// !$*UTF8*$!
{
	archiveVersion = 1;
	classes = {
	};
	objectVersion = 51;
	objects = {

/* Begin PBXBuildFile section */
		A81470F626FDADEB0038CCCF /* FirstInputViewController.swift in Sources */ = {isa = PBXBuildFile; fileRef = A81470F526FDADEB0038CCCF /* FirstInputViewController.swift */; };
		A81470FA26FDAE280038CCCF /* SecondInputViewController.swift in Sources */ = {isa = PBXBuildFile; fileRef = A81470F926FDAE280038CCCF /* SecondInputViewController.swift */; };
		A81470FF26FDAE7F0038CCCF /* ThirdInputViewController.swift in Sources */ = {isa = PBXBuildFile; fileRef = A81470FE26FDAE7F0038CCCF /* ThirdInputViewController.swift */; };
		A814710726FE29B50038CCCF /* PickerViewController.swift in Sources */ = {isa = PBXBuildFile; fileRef = A814710626FE29B50038CCCF /* PickerViewController.swift */; };
		A833F178270DD3E8009BDEB1 /* CenturyDetailViewController.swift in Sources */ = {isa = PBXBuildFile; fileRef = A833F177270DD3E8009BDEB1 /* CenturyDetailViewController.swift */; };
		A833F17B270DD8C6009BDEB1 /* CenturyChartMusic.swift in Sources */ = {isa = PBXBuildFile; fileRef = A833F17A270DD8C6009BDEB1 /* CenturyChartMusic.swift */; };
		A833F182270DDC9A009BDEB1 /* CenturyChartManager.swift in Sources */ = {isa = PBXBuildFile; fileRef = A833F181270DDC9A009BDEB1 /* CenturyChartManager.swift */; };
		A833F185270DE01F009BDEB1 /* CenturyChartDetailCell.swift in Sources */ = {isa = PBXBuildFile; fileRef = A833F184270DE01F009BDEB1 /* CenturyChartDetailCell.swift */; };
		A851DE15270B1F9000D31A7B /* TodayRecommandCell.swift in Sources */ = {isa = PBXBuildFile; fileRef = A851DE14270B1F9000D31A7B /* TodayRecommandCell.swift */; };
		A851DE18270B37E500D31A7B /* MelonCrawlingManager.swift in Sources */ = {isa = PBXBuildFile; fileRef = A851DE17270B37E500D31A7B /* MelonCrawlingManager.swift */; };
		A851DE1B270B5CAE00D31A7B /* RecommandAlbums.swift in Sources */ = {isa = PBXBuildFile; fileRef = A851DE1A270B5CAE00D31A7B /* RecommandAlbums.swift */; };
		A851DE35270B733600D31A7B /* RecommandMusic.swift in Sources */ = {isa = PBXBuildFile; fileRef = A851DE34270B733600D31A7B /* RecommandMusic.swift */; };
		A851DE38270B7E8B00D31A7B /* TodayRecommandDetailViewController.swift in Sources */ = {isa = PBXBuildFile; fileRef = A851DE37270B7E8B00D31A7B /* TodayRecommandDetailViewController.swift */; };
		A851DE3B270B819500D31A7B /* TodayRecommandDetailCell.swift in Sources */ = {isa = PBXBuildFile; fileRef = A851DE3A270B819500D31A7B /* TodayRecommandDetailCell.swift */; };
		A854CB0D26F605A300D39D6D /* PopularChart.storyboard in Resources */ = {isa = PBXBuildFile; fileRef = A854CB0C26F605A300D39D6D /* PopularChart.storyboard */; };
		A854CB1E26F60A1D00D39D6D /* TotalViewController.swift in Sources */ = {isa = PBXBuildFile; fileRef = A854CB1D26F60A1D00D39D6D /* TotalViewController.swift */; };
		A854CB2126F60A3500D39D6D /* BalladeViewController.swift in Sources */ = {isa = PBXBuildFile; fileRef = A854CB2026F60A3500D39D6D /* BalladeViewController.swift */; };
		A854CB2426F60A5500D39D6D /* DanceViewController.swift in Sources */ = {isa = PBXBuildFile; fileRef = A854CB2326F60A5500D39D6D /* DanceViewController.swift */; };
		A854CB2726F60A7300D39D6D /* HiphopViewController.swift in Sources */ = {isa = PBXBuildFile; fileRef = A854CB2626F60A7300D39D6D /* HiphopViewController.swift */; };
		A854CB2A26F6156F00D39D6D /* PopularChartCell.swift in Sources */ = {isa = PBXBuildFile; fileRef = A854CB2926F6156F00D39D6D /* PopularChartCell.swift */; };
		A854CB2E26F63FE400D39D6D /* PopularChartManager.swift in Sources */ = {isa = PBXBuildFile; fileRef = A854CB2D26F63FE400D39D6D /* PopularChartManager.swift */; };
		A868EE5426F254FB002BF67B /* AppDelegate.swift in Sources */ = {isa = PBXBuildFile; fileRef = A868EE5326F254FB002BF67B /* AppDelegate.swift */; };
		A868EE5626F254FB002BF67B /* SceneDelegate.swift in Sources */ = {isa = PBXBuildFile; fileRef = A868EE5526F254FB002BF67B /* SceneDelegate.swift */; };
		A868EE5826F254FB002BF67B /* ViewController.swift in Sources */ = {isa = PBXBuildFile; fileRef = A868EE5726F254FB002BF67B /* ViewController.swift */; };
		A868EE5D26F254FC002BF67B /* Assets.xcassets in Resources */ = {isa = PBXBuildFile; fileRef = A868EE5C26F254FC002BF67B /* Assets.xcassets */; };
		A868EE6026F254FC002BF67B /* LaunchScreen.storyboard in Resources */ = {isa = PBXBuildFile; fileRef = A868EE5E26F254FC002BF67B /* LaunchScreen.storyboard */; };
		A868EE7A26F25667002BF67B /* InfoPlist.strings in Resources */ = {isa = PBXBuildFile; fileRef = A868EE7C26F25667002BF67B /* InfoPlist.strings */; };
		A868EE8826F25B00002BF67B /* PopularChartViewController.swift in Sources */ = {isa = PBXBuildFile; fileRef = A868EE8726F25B00002BF67B /* PopularChartViewController.swift */; };
		A868EE8B26F25B32002BF67B /* MusicSearchViewController.swift in Sources */ = {isa = PBXBuildFile; fileRef = A868EE8A26F25B32002BF67B /* MusicSearchViewController.swift */; };
		A868EE8E26F25BA3002BF67B /* TodayMusicViewController.swift in Sources */ = {isa = PBXBuildFile; fileRef = A868EE8D26F25BA3002BF67B /* TodayMusicViewController.swift */; };
		A868EE9126F25BD2002BF67B /* OwnMusicListViewController.swift in Sources */ = {isa = PBXBuildFile; fileRef = A868EE9026F25BD2002BF67B /* OwnMusicListViewController.swift */; };
		A868EE9626F2650A002BF67B /* GeumyoungCrawlingManager.swift in Sources */ = {isa = PBXBuildFile; fileRef = A868EE9526F2650A002BF67B /* GeumyoungCrawlingManager.swift */; };
		A868EE9B26F27435002BF67B /* OwnMusic.swift in Sources */ = {isa = PBXBuildFile; fileRef = A868EE9A26F27435002BF67B /* OwnMusic.swift */; };
		A868EE9F26F274EA002BF67B /* PopularChartMusic.swift in Sources */ = {isa = PBXBuildFile; fileRef = A868EE9E26F274EA002BF67B /* PopularChartMusic.swift */; };
		A87662A9270B16CD000156AE /* TodayRecommandView.swift in Sources */ = {isa = PBXBuildFile; fileRef = A87662A8270B16CD000156AE /* TodayRecommandView.swift */; };
		A8852E3C270CD83400508367 /* CenturyChartCell.swift in Sources */ = {isa = PBXBuildFile; fileRef = A8852E3B270CD83400508367 /* CenturyChartCell.swift */; };
		A8B2434627007953001C7E40 /* OwnMusicList.swift in Sources */ = {isa = PBXBuildFile; fileRef = A8B2434527007952001C7E40 /* OwnMusicList.swift */; };
		A8B2436327018E15001C7E40 /* OwnListCell.swift in Sources */ = {isa = PBXBuildFile; fileRef = A8B2436227018E15001C7E40 /* OwnListCell.swift */; };
		A8B243662701A44C001C7E40 /* OwnListDataManager.swift in Sources */ = {isa = PBXBuildFile; fileRef = A8B243652701A44C001C7E40 /* OwnListDataManager.swift */; };
		A8B2436B2701AC62001C7E40 /* NamingViewController.swift in Sources */ = {isa = PBXBuildFile; fileRef = A8B2436A2701AC62001C7E40 /* NamingViewController.swift */; };
		A8B2437327034AD3001C7E40 /* MusicListDetailViewController.swift in Sources */ = {isa = PBXBuildFile; fileRef = A8B2437227034AD3001C7E40 /* MusicListDetailViewController.swift */; };
		A8B243762703856C001C7E40 /* MyMusicCell.swift in Sources */ = {isa = PBXBuildFile; fileRef = A8B243752703856C001C7E40 /* MyMusicCell.swift */; };
		A8D725CB26F724A10010D3D6 /* PopularChartDelegate.swift in Sources */ = {isa = PBXBuildFile; fileRef = A8D725CA26F724A10010D3D6 /* PopularChartDelegate.swift */; };
		A8D725CF26F78DA60010D3D6 /* PopularMusicDetailViewController.swift in Sources */ = {isa = PBXBuildFile; fileRef = A8D725CE26F78DA60010D3D6 /* PopularMusicDetailViewController.swift */; };
		A8EBD6B826FA092200CF1EC9 /* MusicSearchManager.swift in Sources */ = {isa = PBXBuildFile; fileRef = A8EBD6B726FA092200CF1EC9 /* MusicSearchManager.swift */; };
		A8EBD6BF26FB413B00CF1EC9 /* SearchedMusic.swift in Sources */ = {isa = PBXBuildFile; fileRef = A8EBD6BE26FB413B00CF1EC9 /* SearchedMusic.swift */; };
		A8EBD6C626FB41AD00CF1EC9 /* MusicSearchResults.swift in Sources */ = {isa = PBXBuildFile; fileRef = A8EBD6C526FB41AD00CF1EC9 /* MusicSearchResults.swift */; };
		A8EBD6CA26FB558A00CF1EC9 /* SearchChartCell.swift in Sources */ = {isa = PBXBuildFile; fileRef = A8EBD6C926FB558A00CF1EC9 /* SearchChartCell.swift */; };
		A8F2B381270C660D00C55C0D /* TodayRecommandHeaderView.swift in Sources */ = {isa = PBXBuildFile; fileRef = A8F2B380270C660D00C55C0D /* TodayRecommandHeaderView.swift */; };
		A8F2B389270CD78A00C55C0D /* CenturyChartView.swift in Sources */ = {isa = PBXBuildFile; fileRef = A8F2B388270CD78A00C55C0D /* CenturyChartView.swift */; };
		E593577EE9CA434740B4B102 /* Pods_YourSong.framework in Frameworks */ = {isa = PBXBuildFile; fileRef = AE5E180D60C031C1602138DC /* Pods_YourSong.framework */; };
/* End PBXBuildFile section */

/* Begin PBXFileReference section */
		9843E04D182041917CADDD10 /* Pods-YourSong.debug.xcconfig */ = {isa = PBXFileReference; includeInIndex = 1; lastKnownFileType = text.xcconfig; name = "Pods-YourSong.debug.xcconfig"; path = "Target Support Files/Pods-YourSong/Pods-YourSong.debug.xcconfig"; sourceTree = "<group>"; };
		A4A064C8119B9761B07C228E /* Pods-YourSong.release.xcconfig */ = {isa = PBXFileReference; includeInIndex = 1; lastKnownFileType = text.xcconfig; name = "Pods-YourSong.release.xcconfig"; path = "Target Support Files/Pods-YourSong/Pods-YourSong.release.xcconfig"; sourceTree = "<group>"; };
		A81470F526FDADEB0038CCCF /* FirstInputViewController.swift */ = {isa = PBXFileReference; lastKnownFileType = sourcecode.swift; path = FirstInputViewController.swift; sourceTree = "<group>"; };
		A81470F926FDAE280038CCCF /* SecondInputViewController.swift */ = {isa = PBXFileReference; lastKnownFileType = sourcecode.swift; path = SecondInputViewController.swift; sourceTree = "<group>"; };
		A81470FE26FDAE7F0038CCCF /* ThirdInputViewController.swift */ = {isa = PBXFileReference; lastKnownFileType = sourcecode.swift; path = ThirdInputViewController.swift; sourceTree = "<group>"; };
		A814710626FE29B50038CCCF /* PickerViewController.swift */ = {isa = PBXFileReference; lastKnownFileType = sourcecode.swift; path = PickerViewController.swift; sourceTree = "<group>"; };
		A833F177270DD3E8009BDEB1 /* CenturyDetailViewController.swift */ = {isa = PBXFileReference; lastKnownFileType = sourcecode.swift; path = CenturyDetailViewController.swift; sourceTree = "<group>"; };
		A833F17A270DD8C6009BDEB1 /* CenturyChartMusic.swift */ = {isa = PBXFileReference; lastKnownFileType = sourcecode.swift; path = CenturyChartMusic.swift; sourceTree = "<group>"; };
		A833F181270DDC9A009BDEB1 /* CenturyChartManager.swift */ = {isa = PBXFileReference; lastKnownFileType = sourcecode.swift; path = CenturyChartManager.swift; sourceTree = "<group>"; };
		A833F184270DE01F009BDEB1 /* CenturyChartDetailCell.swift */ = {isa = PBXFileReference; lastKnownFileType = sourcecode.swift; path = CenturyChartDetailCell.swift; sourceTree = "<group>"; };
		A851DE14270B1F9000D31A7B /* TodayRecommandCell.swift */ = {isa = PBXFileReference; lastKnownFileType = sourcecode.swift; path = TodayRecommandCell.swift; sourceTree = "<group>"; };
		A851DE17270B37E500D31A7B /* MelonCrawlingManager.swift */ = {isa = PBXFileReference; lastKnownFileType = sourcecode.swift; path = MelonCrawlingManager.swift; sourceTree = "<group>"; };
		A851DE1A270B5CAE00D31A7B /* RecommandAlbums.swift */ = {isa = PBXFileReference; lastKnownFileType = sourcecode.swift; path = RecommandAlbums.swift; sourceTree = "<group>"; };
		A851DE34270B733600D31A7B /* RecommandMusic.swift */ = {isa = PBXFileReference; lastKnownFileType = sourcecode.swift; path = RecommandMusic.swift; sourceTree = "<group>"; };
		A851DE37270B7E8B00D31A7B /* TodayRecommandDetailViewController.swift */ = {isa = PBXFileReference; lastKnownFileType = sourcecode.swift; path = TodayRecommandDetailViewController.swift; sourceTree = "<group>"; };
		A851DE3A270B819500D31A7B /* TodayRecommandDetailCell.swift */ = {isa = PBXFileReference; lastKnownFileType = sourcecode.swift; path = TodayRecommandDetailCell.swift; sourceTree = "<group>"; };
		A854CB0C26F605A300D39D6D /* PopularChart.storyboard */ = {isa = PBXFileReference; lastKnownFileType = file.storyboard; path = PopularChart.storyboard; sourceTree = "<group>"; };
		A854CB1D26F60A1D00D39D6D /* TotalViewController.swift */ = {isa = PBXFileReference; lastKnownFileType = sourcecode.swift; path = TotalViewController.swift; sourceTree = "<group>"; };
		A854CB2026F60A3500D39D6D /* BalladeViewController.swift */ = {isa = PBXFileReference; lastKnownFileType = sourcecode.swift; path = BalladeViewController.swift; sourceTree = "<group>"; };
		A854CB2326F60A5500D39D6D /* DanceViewController.swift */ = {isa = PBXFileReference; lastKnownFileType = sourcecode.swift; path = DanceViewController.swift; sourceTree = "<group>"; };
		A854CB2626F60A7300D39D6D /* HiphopViewController.swift */ = {isa = PBXFileReference; lastKnownFileType = sourcecode.swift; path = HiphopViewController.swift; sourceTree = "<group>"; };
		A854CB2926F6156F00D39D6D /* PopularChartCell.swift */ = {isa = PBXFileReference; lastKnownFileType = sourcecode.swift; path = PopularChartCell.swift; sourceTree = "<group>"; };
		A854CB2D26F63FE400D39D6D /* PopularChartManager.swift */ = {isa = PBXFileReference; lastKnownFileType = sourcecode.swift; path = PopularChartManager.swift; sourceTree = "<group>"; };
		A868EE5026F254FB002BF67B /* YourSong.app */ = {isa = PBXFileReference; explicitFileType = wrapper.application; includeInIndex = 0; path = YourSong.app; sourceTree = BUILT_PRODUCTS_DIR; };
		A868EE5326F254FB002BF67B /* AppDelegate.swift */ = {isa = PBXFileReference; lastKnownFileType = sourcecode.swift; path = AppDelegate.swift; sourceTree = "<group>"; };
		A868EE5526F254FB002BF67B /* SceneDelegate.swift */ = {isa = PBXFileReference; lastKnownFileType = sourcecode.swift; path = SceneDelegate.swift; sourceTree = "<group>"; };
		A868EE5726F254FB002BF67B /* ViewController.swift */ = {isa = PBXFileReference; lastKnownFileType = sourcecode.swift; path = ViewController.swift; sourceTree = "<group>"; };
		A868EE5C26F254FC002BF67B /* Assets.xcassets */ = {isa = PBXFileReference; lastKnownFileType = folder.assetcatalog; path = Assets.xcassets; sourceTree = "<group>"; };
		A868EE5F26F254FC002BF67B /* Base */ = {isa = PBXFileReference; lastKnownFileType = file.storyboard; name = Base; path = Base.lproj/LaunchScreen.storyboard; sourceTree = "<group>"; };
		A868EE6126F254FC002BF67B /* Info.plist */ = {isa = PBXFileReference; lastKnownFileType = text.plist.xml; path = Info.plist; sourceTree = "<group>"; };
		A868EE7B26F25667002BF67B /* en */ = {isa = PBXFileReference; lastKnownFileType = text.plist.strings; name = en; path = en.lproj/InfoPlist.strings; sourceTree = "<group>"; };
		A868EE7E26F25683002BF67B /* ko */ = {isa = PBXFileReference; lastKnownFileType = text.plist.strings; name = ko; path = ko.lproj/InfoPlist.strings; sourceTree = "<group>"; };
		A868EE8726F25B00002BF67B /* PopularChartViewController.swift */ = {isa = PBXFileReference; lastKnownFileType = sourcecode.swift; path = PopularChartViewController.swift; sourceTree = "<group>"; };
		A868EE8A26F25B32002BF67B /* MusicSearchViewController.swift */ = {isa = PBXFileReference; lastKnownFileType = sourcecode.swift; path = MusicSearchViewController.swift; sourceTree = "<group>"; };
		A868EE8D26F25BA3002BF67B /* TodayMusicViewController.swift */ = {isa = PBXFileReference; lastKnownFileType = sourcecode.swift; path = TodayMusicViewController.swift; sourceTree = "<group>"; };
		A868EE9026F25BD2002BF67B /* OwnMusicListViewController.swift */ = {isa = PBXFileReference; lastKnownFileType = sourcecode.swift; path = OwnMusicListViewController.swift; sourceTree = "<group>"; };
		A868EE9526F2650A002BF67B /* GeumyoungCrawlingManager.swift */ = {isa = PBXFileReference; lastKnownFileType = sourcecode.swift; path = GeumyoungCrawlingManager.swift; sourceTree = "<group>"; };
		A868EE9A26F27435002BF67B /* OwnMusic.swift */ = {isa = PBXFileReference; lastKnownFileType = sourcecode.swift; path = OwnMusic.swift; sourceTree = "<group>"; };
		A868EE9E26F274EA002BF67B /* PopularChartMusic.swift */ = {isa = PBXFileReference; lastKnownFileType = sourcecode.swift; path = PopularChartMusic.swift; sourceTree = "<group>"; };
		A87662A8270B16CD000156AE /* TodayRecommandView.swift */ = {isa = PBXFileReference; lastKnownFileType = sourcecode.swift; path = TodayRecommandView.swift; sourceTree = "<group>"; };
		A8852E3B270CD83400508367 /* CenturyChartCell.swift */ = {isa = PBXFileReference; lastKnownFileType = sourcecode.swift; path = CenturyChartCell.swift; sourceTree = "<group>"; };
		A8B2434527007952001C7E40 /* OwnMusicList.swift */ = {isa = PBXFileReference; lastKnownFileType = sourcecode.swift; path = OwnMusicList.swift; sourceTree = "<group>"; };
		A8B2436227018E15001C7E40 /* OwnListCell.swift */ = {isa = PBXFileReference; lastKnownFileType = sourcecode.swift; path = OwnListCell.swift; sourceTree = "<group>"; };
		A8B243652701A44C001C7E40 /* OwnListDataManager.swift */ = {isa = PBXFileReference; lastKnownFileType = sourcecode.swift; path = OwnListDataManager.swift; sourceTree = "<group>"; };
		A8B2436A2701AC62001C7E40 /* NamingViewController.swift */ = {isa = PBXFileReference; lastKnownFileType = sourcecode.swift; path = NamingViewController.swift; sourceTree = "<group>"; };
		A8B2437227034AD3001C7E40 /* MusicListDetailViewController.swift */ = {isa = PBXFileReference; lastKnownFileType = sourcecode.swift; path = MusicListDetailViewController.swift; sourceTree = "<group>"; };
		A8B243752703856C001C7E40 /* MyMusicCell.swift */ = {isa = PBXFileReference; lastKnownFileType = sourcecode.swift; path = MyMusicCell.swift; sourceTree = "<group>"; };
		A8D725CA26F724A10010D3D6 /* PopularChartDelegate.swift */ = {isa = PBXFileReference; lastKnownFileType = sourcecode.swift; path = PopularChartDelegate.swift; sourceTree = "<group>"; };
		A8D725CE26F78DA60010D3D6 /* PopularMusicDetailViewController.swift */ = {isa = PBXFileReference; lastKnownFileType = sourcecode.swift; path = PopularMusicDetailViewController.swift; sourceTree = "<group>"; };
		A8EBD6B726FA092200CF1EC9 /* MusicSearchManager.swift */ = {isa = PBXFileReference; lastKnownFileType = sourcecode.swift; path = MusicSearchManager.swift; sourceTree = "<group>"; };
		A8EBD6BE26FB413B00CF1EC9 /* SearchedMusic.swift */ = {isa = PBXFileReference; lastKnownFileType = sourcecode.swift; path = SearchedMusic.swift; sourceTree = "<group>"; };
		A8EBD6C526FB41AD00CF1EC9 /* MusicSearchResults.swift */ = {isa = PBXFileReference; lastKnownFileType = sourcecode.swift; path = MusicSearchResults.swift; sourceTree = "<group>"; };
		A8EBD6C926FB558A00CF1EC9 /* SearchChartCell.swift */ = {isa = PBXFileReference; lastKnownFileType = sourcecode.swift; path = SearchChartCell.swift; sourceTree = "<group>"; };
		A8F2B380270C660D00C55C0D /* TodayRecommandHeaderView.swift */ = {isa = PBXFileReference; lastKnownFileType = sourcecode.swift; path = TodayRecommandHeaderView.swift; sourceTree = "<group>"; };
		A8F2B388270CD78A00C55C0D /* CenturyChartView.swift */ = {isa = PBXFileReference; lastKnownFileType = sourcecode.swift; path = CenturyChartView.swift; sourceTree = "<group>"; };
		AE5E180D60C031C1602138DC /* Pods_YourSong.framework */ = {isa = PBXFileReference; explicitFileType = wrapper.framework; includeInIndex = 0; path = Pods_YourSong.framework; sourceTree = BUILT_PRODUCTS_DIR; };
/* End PBXFileReference section */

/* Begin PBXFrameworksBuildPhase section */
		A868EE4D26F254FB002BF67B /* Frameworks */ = {
			isa = PBXFrameworksBuildPhase;
			buildActionMask = 2147483647;
			files = (
				E593577EE9CA434740B4B102 /* Pods_YourSong.framework in Frameworks */,
			);
			runOnlyForDeploymentPostprocessing = 0;
		};
/* End PBXFrameworksBuildPhase section */

/* Begin PBXGroup section */
		8661A93216D5302DDE435F35 /* Frameworks */ = {
			isa = PBXGroup;
			children = (
				AE5E180D60C031C1602138DC /* Pods_YourSong.framework */,
			);
			name = Frameworks;
			sourceTree = "<group>";
		};
		A81470F426FDACB80038CCCF /* MemoInputScreens */ = {
			isa = PBXGroup;
			children = (
				A81470F526FDADEB0038CCCF /* FirstInputViewController.swift */,
				A81470F926FDAE280038CCCF /* SecondInputViewController.swift */,
				A81470FE26FDAE7F0038CCCF /* ThirdInputViewController.swift */,
				A814710626FE29B50038CCCF /* PickerViewController.swift */,
			);
			path = MemoInputScreens;
			sourceTree = "<group>";
		};
		A854CB0B26F6044200D39D6D /* Storyboards */ = {
			isa = PBXGroup;
			children = (
				A854CB0C26F605A300D39D6D /* PopularChart.storyboard */,
			);
			path = Storyboards;
			sourceTree = "<group>";
		};
		A854CB1C26F609E500D39D6D /* PopularCharts */ = {
			isa = PBXGroup;
			children = (
				A854CB1D26F60A1D00D39D6D /* TotalViewController.swift */,
				A854CB2026F60A3500D39D6D /* BalladeViewController.swift */,
				A854CB2326F60A5500D39D6D /* DanceViewController.swift */,
				A854CB2626F60A7300D39D6D /* HiphopViewController.swift */,
			);
			path = PopularCharts;
			sourceTree = "<group>";
		};
		A854CB2C26F63FAB00D39D6D /* Singleton */ = {
			isa = PBXGroup;
			children = (
				A854CB2D26F63FE400D39D6D /* PopularChartManager.swift */,
				A8EBD6B726FA092200CF1EC9 /* MusicSearchManager.swift */,
				A8B243652701A44C001C7E40 /* OwnListDataManager.swift */,
				A833F181270DDC9A009BDEB1 /* CenturyChartManager.swift */,
			);
			path = Singleton;
			sourceTree = "<group>";
		};
		A868EE4726F254FB002BF67B = {
			isa = PBXGroup;
			children = (
				A868EE5226F254FB002BF67B /* YourSong */,
				A868EE5126F254FB002BF67B /* Products */,
				E1CDFE7A2737F65B603C4FA1 /* Pods */,
				8661A93216D5302DDE435F35 /* Frameworks */,
			);
			sourceTree = "<group>";
		};
		A868EE5126F254FB002BF67B /* Products */ = {
			isa = PBXGroup;
			children = (
				A868EE5026F254FB002BF67B /* YourSong.app */,
			);
			name = Products;
			sourceTree = "<group>";
		};
		A868EE5226F254FB002BF67B /* YourSong */ = {
			isa = PBXGroup;
			children = (
				A868EE9926F272B4002BF67B /* Model */,
				A868EE9426F264A7002BF67B /* Network */,
				A854CB2C26F63FAB00D39D6D /* Singleton */,
				A868EE8626F25AE7002BF67B /* Controllers */,
				A8EBD6C826FB555600CF1EC9 /* Views */,
				A8D725C926F723980010D3D6 /* Protocols */,
				A854CB0B26F6044200D39D6D /* Storyboards */,
				A868EE5326F254FB002BF67B /* AppDelegate.swift */,
				A868EE5526F254FB002BF67B /* SceneDelegate.swift */,
				A868EE5C26F254FC002BF67B /* Assets.xcassets */,
				A868EE5E26F254FC002BF67B /* LaunchScreen.storyboard */,
				A868EE6126F254FC002BF67B /* Info.plist */,
				A868EE7C26F25667002BF67B /* InfoPlist.strings */,
			);
			path = YourSong;
			sourceTree = "<group>";
		};
		A868EE8626F25AE7002BF67B /* Controllers */ = {
			isa = PBXGroup;
			children = (
				A868EE5726F254FB002BF67B /* ViewController.swift */,
				A87662A7270B166C000156AE /* Today */,
				A868EE8726F25B00002BF67B /* PopularChartViewController.swift */,
				A868EE8A26F25B32002BF67B /* MusicSearchViewController.swift */,
				A8B243692701AB3F001C7E40 /* OwnMusicList */,
				A8D725CE26F78DA60010D3D6 /* PopularMusicDetailViewController.swift */,
				A854CB1C26F609E500D39D6D /* PopularCharts */,
				A81470F426FDACB80038CCCF /* MemoInputScreens */,
			);
			path = Controllers;
			sourceTree = "<group>";
		};
		A868EE9426F264A7002BF67B /* Network */ = {
			isa = PBXGroup;
			children = (
				A868EE9526F2650A002BF67B /* GeumyoungCrawlingManager.swift */,
				A851DE17270B37E500D31A7B /* MelonCrawlingManager.swift */,
			);
			path = Network;
			sourceTree = "<group>";
		};
		A868EE9926F272B4002BF67B /* Model */ = {
			isa = PBXGroup;
			children = (
				A8B2434527007952001C7E40 /* OwnMusicList.swift */,
				A868EE9A26F27435002BF67B /* OwnMusic.swift */,
				A868EE9E26F274EA002BF67B /* PopularChartMusic.swift */,
				A8EBD6BE26FB413B00CF1EC9 /* SearchedMusic.swift */,
				A8EBD6C526FB41AD00CF1EC9 /* MusicSearchResults.swift */,
				A851DE1A270B5CAE00D31A7B /* RecommandAlbums.swift */,
				A851DE34270B733600D31A7B /* RecommandMusic.swift */,
				A833F17A270DD8C6009BDEB1 /* CenturyChartMusic.swift */,
			);
			path = Model;
			sourceTree = "<group>";
		};
		A87662A7270B166C000156AE /* Today */ = {
			isa = PBXGroup;
			children = (
				A868EE8D26F25BA3002BF67B /* TodayMusicViewController.swift */,
				A87662A8270B16CD000156AE /* TodayRecommandView.swift */,
				A8F2B388270CD78A00C55C0D /* CenturyChartView.swift */,
				A8852E3E270CDAD900508367 /* Details */,
				A8F2B38B270CD7D600C55C0D /* Cells */,
			);
			path = Today;
			sourceTree = "<group>";
		};
		A8852E3E270CDAD900508367 /* Details */ = {
			isa = PBXGroup;
			children = (
				A851DE37270B7E8B00D31A7B /* TodayRecommandDetailViewController.swift */,
				A833F177270DD3E8009BDEB1 /* CenturyDetailViewController.swift */,
			);
			path = Details;
			sourceTree = "<group>";
		};
		A8B243692701AB3F001C7E40 /* OwnMusicList */ = {
			isa = PBXGroup;
			children = (
				A868EE9026F25BD2002BF67B /* OwnMusicListViewController.swift */,
				A8B2436A2701AC62001C7E40 /* NamingViewController.swift */,
				A8B2437227034AD3001C7E40 /* MusicListDetailViewController.swift */,
			);
			path = OwnMusicList;
			sourceTree = "<group>";
		};
		A8D725C926F723980010D3D6 /* Protocols */ = {
			isa = PBXGroup;
			children = (
				A8D725CA26F724A10010D3D6 /* PopularChartDelegate.swift */,
			);
			path = Protocols;
			sourceTree = "<group>";
		};
		A8EBD6C826FB555600CF1EC9 /* Views */ = {
			isa = PBXGroup;
			children = (
				A854CB2926F6156F00D39D6D /* PopularChartCell.swift */,
				A8EBD6C926FB558A00CF1EC9 /* SearchChartCell.swift */,
				A8B2436227018E15001C7E40 /* OwnListCell.swift */,
				A8B243752703856C001C7E40 /* MyMusicCell.swift */,
			);
			path = Views;
			sourceTree = "<group>";
		};
		A8F2B38B270CD7D600C55C0D /* Cells */ = {
			isa = PBXGroup;
			children = (
				A8F2B380270C660D00C55C0D /* TodayRecommandHeaderView.swift */,
				A851DE14270B1F9000D31A7B /* TodayRecommandCell.swift */,
				A851DE3A270B819500D31A7B /* TodayRecommandDetailCell.swift */,
				A8852E3B270CD83400508367 /* CenturyChartCell.swift */,
				A833F184270DE01F009BDEB1 /* CenturyChartDetailCell.swift */,
			);
			path = Cells;
			sourceTree = "<group>";
		};
		E1CDFE7A2737F65B603C4FA1 /* Pods */ = {
			isa = PBXGroup;
			children = (
				9843E04D182041917CADDD10 /* Pods-YourSong.debug.xcconfig */,
				A4A064C8119B9761B07C228E /* Pods-YourSong.release.xcconfig */,
			);
			path = Pods;
			sourceTree = "<group>";
		};
/* End PBXGroup section */

/* Begin PBXNativeTarget section */
		A868EE4F26F254FB002BF67B /* YourSong */ = {
			isa = PBXNativeTarget;
			buildConfigurationList = A868EE6426F254FC002BF67B /* Build configuration list for PBXNativeTarget "YourSong" */;
			buildPhases = (
				2A146C30E4BE8E7B03FD3967 /* [CP] Check Pods Manifest.lock */,
				A868EE4C26F254FB002BF67B /* Sources */,
				A868EE4D26F254FB002BF67B /* Frameworks */,
				A868EE4E26F254FB002BF67B /* Resources */,
				662034914D8C75CE1BA6AC30 /* [CP] Embed Pods Frameworks */,
			);
			buildRules = (
			);
			dependencies = (
			);
			name = YourSong;
			productName = YourSong;
			productReference = A868EE5026F254FB002BF67B /* YourSong.app */;
			productType = "com.apple.product-type.application";
		};
/* End PBXNativeTarget section */

/* Begin PBXProject section */
		A868EE4826F254FB002BF67B /* Project object */ = {
			isa = PBXProject;
			attributes = {
				LastSwiftUpdateCheck = 1240;
				LastUpgradeCheck = 1240;
				TargetAttributes = {
					A868EE4F26F254FB002BF67B = {
						CreatedOnToolsVersion = 12.4;
					};
				};
			};
			buildConfigurationList = A868EE4B26F254FB002BF67B /* Build configuration list for PBXProject "YourSong" */;
			compatibilityVersion = "Xcode 9.3";
			developmentRegion = en;
			hasScannedForEncodings = 0;
			knownRegions = (
				en,
				Base,
				ko,
			);
			mainGroup = A868EE4726F254FB002BF67B;
			productRefGroup = A868EE5126F254FB002BF67B /* Products */;
			projectDirPath = "";
			projectRoot = "";
			targets = (
				A868EE4F26F254FB002BF67B /* YourSong */,
			);
		};
/* End PBXProject section */

/* Begin PBXResourcesBuildPhase section */
		A868EE4E26F254FB002BF67B /* Resources */ = {
			isa = PBXResourcesBuildPhase;
			buildActionMask = 2147483647;
			files = (
				A868EE6026F254FC002BF67B /* LaunchScreen.storyboard in Resources */,
				A868EE7A26F25667002BF67B /* InfoPlist.strings in Resources */,
				A868EE5D26F254FC002BF67B /* Assets.xcassets in Resources */,
				A854CB0D26F605A300D39D6D /* PopularChart.storyboard in Resources */,
			);
			runOnlyForDeploymentPostprocessing = 0;
		};
/* End PBXResourcesBuildPhase section */

/* Begin PBXShellScriptBuildPhase section */
		2A146C30E4BE8E7B03FD3967 /* [CP] Check Pods Manifest.lock */ = {
			isa = PBXShellScriptBuildPhase;
			buildActionMask = 2147483647;
			files = (
			);
			inputFileListPaths = (
			);
			inputPaths = (
				"${PODS_PODFILE_DIR_PATH}/Podfile.lock",
				"${PODS_ROOT}/Manifest.lock",
			);
			name = "[CP] Check Pods Manifest.lock";
			outputFileListPaths = (
			);
			outputPaths = (
				"$(DERIVED_FILE_DIR)/Pods-YourSong-checkManifestLockResult.txt",
			);
			runOnlyForDeploymentPostprocessing = 0;
			shellPath = /bin/sh;
			shellScript = "diff \"${PODS_PODFILE_DIR_PATH}/Podfile.lock\" \"${PODS_ROOT}/Manifest.lock\" > /dev/null\nif [ $? != 0 ] ; then\n    # print error to STDERR\n    echo \"error: The sandbox is not in sync with the Podfile.lock. Run 'pod install' or update your CocoaPods installation.\" >&2\n    exit 1\nfi\n# This output is used by Xcode 'outputs' to avoid re-running this script phase.\necho \"SUCCESS\" > \"${SCRIPT_OUTPUT_FILE_0}\"\n";
			showEnvVarsInLog = 0;
		};
		662034914D8C75CE1BA6AC30 /* [CP] Embed Pods Frameworks */ = {
			isa = PBXShellScriptBuildPhase;
			buildActionMask = 2147483647;
			files = (
			);
			inputFileListPaths = (
				"${PODS_ROOT}/Target Support Files/Pods-YourSong/Pods-YourSong-frameworks-${CONFIGURATION}-input-files.xcfilelist",
			);
			name = "[CP] Embed Pods Frameworks";
			outputFileListPaths = (
				"${PODS_ROOT}/Target Support Files/Pods-YourSong/Pods-YourSong-frameworks-${CONFIGURATION}-output-files.xcfilelist",
			);
			runOnlyForDeploymentPostprocessing = 0;
			shellPath = /bin/sh;
			shellScript = "\"${PODS_ROOT}/Target Support Files/Pods-YourSong/Pods-YourSong-frameworks.sh\"\n";
			showEnvVarsInLog = 0;
		};
/* End PBXShellScriptBuildPhase section */

/* Begin PBXSourcesBuildPhase section */
		A868EE4C26F254FB002BF67B /* Sources */ = {
			isa = PBXSourcesBuildPhase;
			buildActionMask = 2147483647;
			files = (
				A833F185270DE01F009BDEB1 /* CenturyChartDetailCell.swift in Sources */,
				A851DE35270B733600D31A7B /* RecommandMusic.swift in Sources */,
				A833F178270DD3E8009BDEB1 /* CenturyDetailViewController.swift in Sources */,
				A833F182270DDC9A009BDEB1 /* CenturyChartManager.swift in Sources */,
				A854CB1E26F60A1D00D39D6D /* TotalViewController.swift in Sources */,
				A868EE5826F254FB002BF67B /* ViewController.swift in Sources */,
				A851DE18270B37E500D31A7B /* MelonCrawlingManager.swift in Sources */,
				A8F2B381270C660D00C55C0D /* TodayRecommandHeaderView.swift in Sources */,
				A851DE15270B1F9000D31A7B /* TodayRecommandCell.swift in Sources */,
				A81470FF26FDAE7F0038CCCF /* ThirdInputViewController.swift in Sources */,
				A81470F626FDADEB0038CCCF /* FirstInputViewController.swift in Sources */,
				A851DE1B270B5CAE00D31A7B /* RecommandAlbums.swift in Sources */,
				A8B2436B2701AC62001C7E40 /* NamingViewController.swift in Sources */,
				A854CB2726F60A7300D39D6D /* HiphopViewController.swift in Sources */,
				A854CB2426F60A5500D39D6D /* DanceViewController.swift in Sources */,
				A854CB2E26F63FE400D39D6D /* PopularChartManager.swift in Sources */,
				A8EBD6B826FA092200CF1EC9 /* MusicSearchManager.swift in Sources */,
				A8F2B389270CD78A00C55C0D /* CenturyChartView.swift in Sources */,
				A868EE8B26F25B32002BF67B /* MusicSearchViewController.swift in Sources */,
				A87662A9270B16CD000156AE /* TodayRecommandView.swift in Sources */,
				A868EE5426F254FB002BF67B /* AppDelegate.swift in Sources */,
				A833F17B270DD8C6009BDEB1 /* CenturyChartMusic.swift in Sources */,
				A868EE9626F2650A002BF67B /* GeumyoungCrawlingManager.swift in Sources */,
				A868EE8826F25B00002BF67B /* PopularChartViewController.swift in Sources */,
				A8B243662701A44C001C7E40 /* OwnListDataManager.swift in Sources */,
				A854CB2126F60A3500D39D6D /* BalladeViewController.swift in Sources */,
				A8D725CB26F724A10010D3D6 /* PopularChartDelegate.swift in Sources */,
				A868EE9B26F27435002BF67B /* OwnMusic.swift in Sources */,
				A854CB2A26F6156F00D39D6D /* PopularChartCell.swift in Sources */,
				A851DE3B270B819500D31A7B /* TodayRecommandDetailCell.swift in Sources */,
				A814710726FE29B50038CCCF /* PickerViewController.swift in Sources */,
				A8B243762703856C001C7E40 /* MyMusicCell.swift in Sources */,
				A8EBD6BF26FB413B00CF1EC9 /* SearchedMusic.swift in Sources */,
				A8852E3C270CD83400508367 /* CenturyChartCell.swift in Sources */,
				A8EBD6C626FB41AD00CF1EC9 /* MusicSearchResults.swift in Sources */,
				A868EE9F26F274EA002BF67B /* PopularChartMusic.swift in Sources */,
				A8B2434627007953001C7E40 /* OwnMusicList.swift in Sources */,
				A868EE9126F25BD2002BF67B /* OwnMusicListViewController.swift in Sources */,
				A851DE38270B7E8B00D31A7B /* TodayRecommandDetailViewController.swift in Sources */,
				A868EE8E26F25BA3002BF67B /* TodayMusicViewController.swift in Sources */,
				A868EE5626F254FB002BF67B /* SceneDelegate.swift in Sources */,
				A8B2436327018E15001C7E40 /* OwnListCell.swift in Sources */,
				A8B2437327034AD3001C7E40 /* MusicListDetailViewController.swift in Sources */,
				A81470FA26FDAE280038CCCF /* SecondInputViewController.swift in Sources */,
				A8EBD6CA26FB558A00CF1EC9 /* SearchChartCell.swift in Sources */,
				A8D725CF26F78DA60010D3D6 /* PopularMusicDetailViewController.swift in Sources */,
			);
			runOnlyForDeploymentPostprocessing = 0;
		};
/* End PBXSourcesBuildPhase section */

/* Begin PBXVariantGroup section */
		A868EE5E26F254FC002BF67B /* LaunchScreen.storyboard */ = {
			isa = PBXVariantGroup;
			children = (
				A868EE5F26F254FC002BF67B /* Base */,
			);
			name = LaunchScreen.storyboard;
			sourceTree = "<group>";
		};
		A868EE7C26F25667002BF67B /* InfoPlist.strings */ = {
			isa = PBXVariantGroup;
			children = (
				A868EE7B26F25667002BF67B /* en */,
				A868EE7E26F25683002BF67B /* ko */,
			);
			name = InfoPlist.strings;
			sourceTree = "<group>";
		};
/* End PBXVariantGroup section */

/* Begin XCBuildConfiguration section */
		A868EE6226F254FC002BF67B /* Debug */ = {
			isa = XCBuildConfiguration;
			buildSettings = {
				ALWAYS_SEARCH_USER_PATHS = NO;
				CLANG_ANALYZER_LOCALIZABILITY_NONLOCALIZED = YES;
				CLANG_ANALYZER_NONNULL = YES;
				CLANG_ANALYZER_NUMBER_OBJECT_CONVERSION = YES_AGGRESSIVE;
				CLANG_CXX_LANGUAGE_STANDARD = "gnu++14";
				CLANG_CXX_LIBRARY = "libc++";
				CLANG_ENABLE_MODULES = YES;
				CLANG_ENABLE_OBJC_ARC = YES;
				CLANG_ENABLE_OBJC_WEAK = YES;
				CLANG_WARN_BLOCK_CAPTURE_AUTORELEASING = YES;
				CLANG_WARN_BOOL_CONVERSION = YES;
				CLANG_WARN_COMMA = YES;
				CLANG_WARN_CONSTANT_CONVERSION = YES;
				CLANG_WARN_DEPRECATED_OBJC_IMPLEMENTATIONS = YES;
				CLANG_WARN_DIRECT_OBJC_ISA_USAGE = YES_ERROR;
				CLANG_WARN_DOCUMENTATION_COMMENTS = YES;
				CLANG_WARN_EMPTY_BODY = YES;
				CLANG_WARN_ENUM_CONVERSION = YES;
				CLANG_WARN_INFINITE_RECURSION = YES;
				CLANG_WARN_INT_CONVERSION = YES;
				CLANG_WARN_NON_LITERAL_NULL_CONVERSION = YES;
				CLANG_WARN_OBJC_IMPLICIT_RETAIN_SELF = YES;
				CLANG_WARN_OBJC_LITERAL_CONVERSION = YES;
				CLANG_WARN_OBJC_ROOT_CLASS = YES_ERROR;
				CLANG_WARN_QUOTED_INCLUDE_IN_FRAMEWORK_HEADER = YES;
				CLANG_WARN_RANGE_LOOP_ANALYSIS = YES;
				CLANG_WARN_STRICT_PROTOTYPES = YES;
				CLANG_WARN_SUSPICIOUS_MOVE = YES;
				CLANG_WARN_UNGUARDED_AVAILABILITY = YES_AGGRESSIVE;
				CLANG_WARN_UNREACHABLE_CODE = YES;
				CLANG_WARN__DUPLICATE_METHOD_MATCH = YES;
				COPY_PHASE_STRIP = NO;
				DEBUG_INFORMATION_FORMAT = dwarf;
				ENABLE_STRICT_OBJC_MSGSEND = YES;
				ENABLE_TESTABILITY = YES;
				GCC_C_LANGUAGE_STANDARD = gnu11;
				GCC_DYNAMIC_NO_PIC = NO;
				GCC_NO_COMMON_BLOCKS = YES;
				GCC_OPTIMIZATION_LEVEL = 0;
				GCC_PREPROCESSOR_DEFINITIONS = (
					"DEBUG=1",
					"$(inherited)",
				);
				GCC_WARN_64_TO_32_BIT_CONVERSION = YES;
				GCC_WARN_ABOUT_RETURN_TYPE = YES_ERROR;
				GCC_WARN_UNDECLARED_SELECTOR = YES;
				GCC_WARN_UNINITIALIZED_AUTOS = YES_AGGRESSIVE;
				GCC_WARN_UNUSED_FUNCTION = YES;
				GCC_WARN_UNUSED_VARIABLE = YES;
				IPHONEOS_DEPLOYMENT_TARGET = 14.4;
				MTL_ENABLE_DEBUG_INFO = INCLUDE_SOURCE;
				MTL_FAST_MATH = YES;
				ONLY_ACTIVE_ARCH = YES;
				SDKROOT = iphoneos;
				SWIFT_ACTIVE_COMPILATION_CONDITIONS = DEBUG;
				SWIFT_OPTIMIZATION_LEVEL = "-Onone";
			};
			name = Debug;
		};
		A868EE6326F254FC002BF67B /* Release */ = {
			isa = XCBuildConfiguration;
			buildSettings = {
				ALWAYS_SEARCH_USER_PATHS = NO;
				CLANG_ANALYZER_LOCALIZABILITY_NONLOCALIZED = YES;
				CLANG_ANALYZER_NONNULL = YES;
				CLANG_ANALYZER_NUMBER_OBJECT_CONVERSION = YES_AGGRESSIVE;
				CLANG_CXX_LANGUAGE_STANDARD = "gnu++14";
				CLANG_CXX_LIBRARY = "libc++";
				CLANG_ENABLE_MODULES = YES;
				CLANG_ENABLE_OBJC_ARC = YES;
				CLANG_ENABLE_OBJC_WEAK = YES;
				CLANG_WARN_BLOCK_CAPTURE_AUTORELEASING = YES;
				CLANG_WARN_BOOL_CONVERSION = YES;
				CLANG_WARN_COMMA = YES;
				CLANG_WARN_CONSTANT_CONVERSION = YES;
				CLANG_WARN_DEPRECATED_OBJC_IMPLEMENTATIONS = YES;
				CLANG_WARN_DIRECT_OBJC_ISA_USAGE = YES_ERROR;
				CLANG_WARN_DOCUMENTATION_COMMENTS = YES;
				CLANG_WARN_EMPTY_BODY = YES;
				CLANG_WARN_ENUM_CONVERSION = YES;
				CLANG_WARN_INFINITE_RECURSION = YES;
				CLANG_WARN_INT_CONVERSION = YES;
				CLANG_WARN_NON_LITERAL_NULL_CONVERSION = YES;
				CLANG_WARN_OBJC_IMPLICIT_RETAIN_SELF = YES;
				CLANG_WARN_OBJC_LITERAL_CONVERSION = YES;
				CLANG_WARN_OBJC_ROOT_CLASS = YES_ERROR;
				CLANG_WARN_QUOTED_INCLUDE_IN_FRAMEWORK_HEADER = YES;
				CLANG_WARN_RANGE_LOOP_ANALYSIS = YES;
				CLANG_WARN_STRICT_PROTOTYPES = YES;
				CLANG_WARN_SUSPICIOUS_MOVE = YES;
				CLANG_WARN_UNGUARDED_AVAILABILITY = YES_AGGRESSIVE;
				CLANG_WARN_UNREACHABLE_CODE = YES;
				CLANG_WARN__DUPLICATE_METHOD_MATCH = YES;
				COPY_PHASE_STRIP = NO;
				DEBUG_INFORMATION_FORMAT = "dwarf-with-dsym";
				ENABLE_NS_ASSERTIONS = NO;
				ENABLE_STRICT_OBJC_MSGSEND = YES;
				GCC_C_LANGUAGE_STANDARD = gnu11;
				GCC_NO_COMMON_BLOCKS = YES;
				GCC_WARN_64_TO_32_BIT_CONVERSION = YES;
				GCC_WARN_ABOUT_RETURN_TYPE = YES_ERROR;
				GCC_WARN_UNDECLARED_SELECTOR = YES;
				GCC_WARN_UNINITIALIZED_AUTOS = YES_AGGRESSIVE;
				GCC_WARN_UNUSED_FUNCTION = YES;
				GCC_WARN_UNUSED_VARIABLE = YES;
				IPHONEOS_DEPLOYMENT_TARGET = 14.4;
				MTL_ENABLE_DEBUG_INFO = NO;
				MTL_FAST_MATH = YES;
				SDKROOT = iphoneos;
				SWIFT_COMPILATION_MODE = wholemodule;
				SWIFT_OPTIMIZATION_LEVEL = "-O";
				VALIDATE_PRODUCT = YES;
			};
			name = Release;
		};
		A868EE6526F254FC002BF67B /* Debug */ = {
			isa = XCBuildConfiguration;
			baseConfigurationReference = 9843E04D182041917CADDD10 /* Pods-YourSong.debug.xcconfig */;
			buildSettings = {
				ASSETCATALOG_COMPILER_APPICON_NAME = AppIcon;
				ASSETCATALOG_COMPILER_GLOBAL_ACCENT_COLOR_NAME = AccentColor;
				CODE_SIGN_STYLE = Automatic;
				DEVELOPMENT_TEAM = 7W64WHVKVN;
				INFOPLIST_FILE = YourSong/Info.plist;
				LD_RUNPATH_SEARCH_PATHS = (
					"$(inherited)",
					"@executable_path/Frameworks",
				);
				PRODUCT_BUNDLE_IDENTIFIER = com.soongin.YourSong;
				PRODUCT_NAME = "$(TARGET_NAME)";
				SWIFT_VERSION = 5.0;
				TARGETED_DEVICE_FAMILY = "1,2";
			};
			name = Debug;
		};
		A868EE6626F254FC002BF67B /* Release */ = {
			isa = XCBuildConfiguration;
			baseConfigurationReference = A4A064C8119B9761B07C228E /* Pods-YourSong.release.xcconfig */;
			buildSettings = {
				ASSETCATALOG_COMPILER_APPICON_NAME = AppIcon;
				ASSETCATALOG_COMPILER_GLOBAL_ACCENT_COLOR_NAME = AccentColor;
				CODE_SIGN_STYLE = Automatic;
				DEVELOPMENT_TEAM = 7W64WHVKVN;
				INFOPLIST_FILE = YourSong/Info.plist;
				LD_RUNPATH_SEARCH_PATHS = (
					"$(inherited)",
					"@executable_path/Frameworks",
				);
				PRODUCT_BUNDLE_IDENTIFIER = com.soongin.YourSong;
				PRODUCT_NAME = "$(TARGET_NAME)";
				SWIFT_VERSION = 5.0;
				TARGETED_DEVICE_FAMILY = "1,2";
			};
			name = Release;
		};
/* End XCBuildConfiguration section */

/* Begin XCConfigurationList section */
		A868EE4B26F254FB002BF67B /* Build configuration list for PBXProject "YourSong" */ = {
			isa = XCConfigurationList;
			buildConfigurations = (
				A868EE6226F254FC002BF67B /* Debug */,
				A868EE6326F254FC002BF67B /* Release */,
			);
			defaultConfigurationIsVisible = 0;
			defaultConfigurationName = Release;
		};
		A868EE6426F254FC002BF67B /* Build configuration list for PBXNativeTarget "YourSong" */ = {
			isa = XCConfigurationList;
			buildConfigurations = (
				A868EE6526F254FC002BF67B /* Debug */,
				A868EE6626F254FC002BF67B /* Release */,
			);
			defaultConfigurationIsVisible = 0;
			defaultConfigurationName = Release;
		};
/* End XCConfigurationList section */
	};
	rootObject = A868EE4826F254FB002BF67B /* Project object */;
}
